// !$*UTF8*$!
{
	archiveVersion = 1;
	classes = {
	};
	objectVersion = 56;
	objects = {

/* Begin PBXBuildFile section */
		1E20B1482C875FE5004D706F /* CryptoCrazy_Swift_UIApp.swift in Sources */ = {isa = PBXBuildFile; fileRef = 1E20B1472C875FE5004D706F /* CryptoCrazy_Swift_UIApp.swift */; };
		1E20B14A2C875FE5004D706F /* MainView.swift in Sources */ = {isa = PBXBuildFile; fileRef = 1E20B1492C875FE5004D706F /* MainView.swift */; };
		1E20B14C2C875FE6004D706F /* Assets.xcassets in Resources */ = {isa = PBXBuildFile; fileRef = 1E20B14B2C875FE6004D706F /* Assets.xcassets */; };
		1E20B14F2C875FE6004D706F /* Preview Assets.xcassets in Resources */ = {isa = PBXBuildFile; fileRef = 1E20B14E2C875FE6004D706F /* Preview Assets.xcassets */; };
		1E20B15A2C876055004D706F /* CryptoCurrency.swift in Sources */ = {isa = PBXBuildFile; fileRef = 1E20B1592C876055004D706F /* CryptoCurrency.swift */; };
		1E8580352C8872BA0048BC9B /* Webservice.swift in Sources */ = {isa = PBXBuildFile; fileRef = 1E8580342C8872BA0048BC9B /* Webservice.swift */; };
		1E8580372C8878480048BC9B /* CryptoViewModel.swift in Sources */ = {isa = PBXBuildFile; fileRef = 1E8580362C8878480048BC9B /* CryptoViewModel.swift */; };
		1E8580392C888AE20048BC9B /* Color-Extension.swift in Sources */ = {isa = PBXBuildFile; fileRef = 1E8580382C888AE20048BC9B /* Color-Extension.swift */; };
		1EC8CE2E2CEF286C007B1EC7 /* Configuration.plist in Resources */ = {isa = PBXBuildFile; fileRef = 1EC8CE2D2CEF286C007B1EC7 /* Configuration.plist */; };
/* End PBXBuildFile section */

/* Begin PBXFileReference section */
		1E20B1442C875FE5004D706F /* CryptoCrazy-Swift-UI.app */ = {isa = PBXFileReference; explicitFileType = wrapper.application; includeInIndex = 0; path = "CryptoCrazy-Swift-UI.app"; sourceTree = BUILT_PRODUCTS_DIR; };
		1E20B1472C875FE5004D706F /* CryptoCrazy_Swift_UIApp.swift */ = {isa = PBXFileReference; lastKnownFileType = sourcecode.swift; path = CryptoCrazy_Swift_UIApp.swift; sourceTree = "<group>"; };
		1E20B1492C875FE5004D706F /* MainView.swift */ = {isa = PBXFileReference; lastKnownFileType = sourcecode.swift; path = MainView.swift; sourceTree = "<group>"; };
		1E20B14B2C875FE6004D706F /* Assets.xcassets */ = {isa = PBXFileReference; lastKnownFileType = folder.assetcatalog; path = Assets.xcassets; sourceTree = "<group>"; };
		1E20B14E2C875FE6004D706F /* Preview Assets.xcassets */ = {isa = PBXFileReference; lastKnownFileType = folder.assetcatalog; path = "Preview Assets.xcassets"; sourceTree = "<group>"; };
		1E20B1592C876055004D706F /* CryptoCurrency.swift */ = {isa = PBXFileReference; lastKnownFileType = sourcecode.swift; path = CryptoCurrency.swift; sourceTree = "<group>"; };
		1E8580342C8872BA0048BC9B /* Webservice.swift */ = {isa = PBXFileReference; lastKnownFileType = sourcecode.swift; path = Webservice.swift; sourceTree = "<group>"; };
		1E8580362C8878480048BC9B /* CryptoViewModel.swift */ = {isa = PBXFileReference; lastKnownFileType = sourcecode.swift; path = CryptoViewModel.swift; sourceTree = "<group>"; };
		1E8580382C888AE20048BC9B /* Color-Extension.swift */ = {isa = PBXFileReference; lastKnownFileType = sourcecode.swift; path = "Color-Extension.swift"; sourceTree = "<group>"; };
		1EC8CE2D2CEF286C007B1EC7 /* Configuration.plist */ = {isa = PBXFileReference; lastKnownFileType = text.plist.xml; path = Configuration.plist; sourceTree = "<group>"; };
/* End PBXFileReference section */

/* Begin PBXFrameworksBuildPhase section */
		1E20B1412C875FE5004D706F /* Frameworks */ = {
			isa = PBXFrameworksBuildPhase;
			buildActionMask = 2147483647;
			files = (
			);
			runOnlyForDeploymentPostprocessing = 0;
		};
/* End PBXFrameworksBuildPhase section */

/* Begin PBXGroup section */
		1E20B13B2C875FE5004D706F = {
			isa = PBXGroup;
			children = (
				1EC8CE2D2CEF286C007B1EC7 /* Configuration.plist */,
				1E20B1462C875FE5004D706F /* CryptoCrazy-Swift-UI */,
				1E20B1452C875FE5004D706F /* Products */,
			);
			sourceTree = "<group>";
		};
		1E20B1452C875FE5004D706F /* Products */ = {
			isa = PBXGroup;
			children = (
				1E20B1442C875FE5004D706F /* CryptoCrazy-Swift-UI.app */,
			);
			name = Products;
			sourceTree = "<group>";
		};
		1E20B1462C875FE5004D706F /* CryptoCrazy-Swift-UI */ = {
			isa = PBXGroup;
			children = (
				1E20B1582C876015004D706F /* Service */,
				1E20B1572C876004004D706F /* ViewModel */,
				1E20B1562C875FFC004D706F /* View */,
				1E20B1552C875FF4004D706F /* Model */,
				1E20B1472C875FE5004D706F /* CryptoCrazy_Swift_UIApp.swift */,
				1E20B14B2C875FE6004D706F /* Assets.xcassets */,
				1E20B14D2C875FE6004D706F /* Preview Content */,
			);
			path = "CryptoCrazy-Swift-UI";
			sourceTree = "<group>";
		};
		1E20B14D2C875FE6004D706F /* Preview Content */ = {
			isa = PBXGroup;
			children = (
				1E20B14E2C875FE6004D706F /* Preview Assets.xcassets */,
			);
			path = "Preview Content";
			sourceTree = "<group>";
		};
		1E20B1552C875FF4004D706F /* Model */ = {
			isa = PBXGroup;
			children = (
				1E20B1592C876055004D706F /* CryptoCurrency.swift */,
			);
			path = Model;
			sourceTree = "<group>";
		};
		1E20B1562C875FFC004D706F /* View */ = {
			isa = PBXGroup;
			children = (
				1E20B1492C875FE5004D706F /* MainView.swift */,
				1E8580382C888AE20048BC9B /* Color-Extension.swift */,
			);
			path = View;
			sourceTree = "<group>";
		};
		1E20B1572C876004004D706F /* ViewModel */ = {
			isa = PBXGroup;
			children = (
				1E8580362C8878480048BC9B /* CryptoViewModel.swift */,
			);
			path = ViewModel;
			sourceTree = "<group>";
		};
		1E20B1582C876015004D706F /* Service */ = {
			isa = PBXGroup;
			children = (
				1E8580342C8872BA0048BC9B /* Webservice.swift */,
			);
			path = Service;
			sourceTree = "<group>";
		};
/* End PBXGroup section */

/* Begin PBXNativeTarget section */
		1E20B1432C875FE5004D706F /* CryptoCrazy-Swift-UI */ = {
			isa = PBXNativeTarget;
			buildConfigurationList = 1E20B1522C875FE6004D706F /* Build configuration list for PBXNativeTarget "CryptoCrazy-Swift-UI" */;
			buildPhases = (
				1E20B1402C875FE5004D706F /* Sources */,
				1E20B1412C875FE5004D706F /* Frameworks */,
				1E20B1422C875FE5004D706F /* Resources */,
			);
			buildRules = (
			);
			dependencies = (
			);
			name = "CryptoCrazy-Swift-UI";
			productName = "CryptoCrazy-Swift-UI";
			productReference = 1E20B1442C875FE5004D706F /* CryptoCrazy-Swift-UI.app */;
			productType = "com.apple.product-type.application";
		};
/* End PBXNativeTarget section */

/* Begin PBXProject section */
		1E20B13C2C875FE5004D706F /* Project object */ = {
			isa = PBXProject;
			attributes = {
				BuildIndependentTargetsInParallel = 1;
				LastSwiftUpdateCheck = 1540;
				LastUpgradeCheck = 1540;
				TargetAttributes = {
					1E20B1432C875FE5004D706F = {
						CreatedOnToolsVersion = 15.4;
					};
				};
			};
			buildConfigurationList = 1E20B13F2C875FE5004D706F /* Build configuration list for PBXProject "CryptoCrazy-Swift-UI" */;
			compatibilityVersion = "Xcode 14.0";
			developmentRegion = en;
			hasScannedForEncodings = 0;
			knownRegions = (
				en,
				Base,
			);
			mainGroup = 1E20B13B2C875FE5004D706F;
			productRefGroup = 1E20B1452C875FE5004D706F /* Products */;
			projectDirPath = "";
			projectRoot = "";
			targets = (
				1E20B1432C875FE5004D706F /* CryptoCrazy-Swift-UI */,
			);
		};
/* End PBXProject section */

/* Begin PBXResourcesBuildPhase section */
		1E20B1422C875FE5004D706F /* Resources */ = {
			isa = PBXResourcesBuildPhase;
			buildActionMask = 2147483647;
			files = (
				1EC8CE2E2CEF286C007B1EC7 /* Configuration.plist in Resources */,
				1E20B14F2C875FE6004D706F /* Preview Assets.xcassets in Resources */,
				1E20B14C2C875FE6004D706F /* Assets.xcassets in Resources */,
			);
			runOnlyForDeploymentPostprocessing = 0;
		};
/* End PBXResourcesBuildPhase section */

/* Begin PBXSourcesBuildPhase section */
		1E20B1402C875FE5004D706F /* Sources */ = {
			isa = PBXSourcesBuildPhase;
			buildActionMask = 2147483647;
			files = (
				1E20B14A2C875FE5004D706F /* MainView.swift in Sources */,
				1E8580392C888AE20048BC9B /* Color-Extension.swift in Sources */,
				1E20B15A2C876055004D706F /* CryptoCurrency.swift in Sources */,
				1E8580352C8872BA0048BC9B /* Webservice.swift in Sources */,
				1E20B1482C875FE5004D706F /* CryptoCrazy_Swift_UIApp.swift in Sources */,
				1E8580372C8878480048BC9B /* CryptoViewModel.swift in Sources */,
			);
			runOnlyForDeploymentPostprocessing = 0;
		};
/* End PBXSourcesBuildPhase section */

/* Begin XCBuildConfiguration section */
		1E20B1502C875FE6004D706F /* Debug */ = {
			isa = XCBuildConfiguration;
			buildSettings = {
				ALWAYS_SEARCH_USER_PATHS = NO;
				ASSETCATALOG_COMPILER_GENERATE_SWIFT_ASSET_SYMBOL_EXTENSIONS = YES;
				CLANG_ANALYZER_NONNULL = YES;
				CLANG_ANALYZER_NUMBER_OBJECT_CONVERSION = YES_AGGRESSIVE;
				CLANG_CXX_LANGUAGE_STANDARD = "gnu++20";
				CLANG_ENABLE_MODULES = YES;
				CLANG_ENABLE_OBJC_ARC = YES;
				CLANG_ENABLE_OBJC_WEAK = YES;
				CLANG_WARN_BLOCK_CAPTURE_AUTORELEASING = YES;
				CLANG_WARN_BOOL_CONVERSION = YES;
				CLANG_WARN_COMMA = YES;
				CLANG_WARN_CONSTANT_CONVERSION = YES;
				CLANG_WARN_DEPRECATED_OBJC_IMPLEMENTATIONS = YES;
				CLANG_WARN_DIRECT_OBJC_ISA_USAGE = YES_ERROR;
				CLANG_WARN_DOCUMENTATION_COMMENTS = YES;
				CLANG_WARN_EMPTY_BODY = YES;
				CLANG_WARN_ENUM_CONVERSION = YES;
				CLANG_WARN_INFINITE_RECURSION = YES;
				CLANG_WARN_INT_CONVERSION = YES;
				CLANG_WARN_NON_LITERAL_NULL_CONVERSION = YES;
				CLANG_WARN_OBJC_IMPLICIT_RETAIN_SELF = YES;
				CLANG_WARN_OBJC_LITERAL_CONVERSION = YES;
				CLANG_WARN_OBJC_ROOT_CLASS = YES_ERROR;
				CLANG_WARN_QUOTED_INCLUDE_IN_FRAMEWORK_HEADER = YES;
				CLANG_WARN_RANGE_LOOP_ANALYSIS = YES;
				CLANG_WARN_STRICT_PROTOTYPES = YES;
				CLANG_WARN_SUSPICIOUS_MOVE = YES;
				CLANG_WARN_UNGUARDED_AVAILABILITY = YES_AGGRESSIVE;
				CLANG_WARN_UNREACHABLE_CODE = YES;
				CLANG_WARN__DUPLICATE_METHOD_MATCH = YES;
				COPY_PHASE_STRIP = NO;
				DEBUG_INFORMATION_FORMAT = dwarf;
				ENABLE_STRICT_OBJC_MSGSEND = YES;
				ENABLE_TESTABILITY = YES;
				ENABLE_USER_SCRIPT_SANDBOXING = YES;
				GCC_C_LANGUAGE_STANDARD = gnu17;
				GCC_DYNAMIC_NO_PIC = NO;
				GCC_NO_COMMON_BLOCKS = YES;
				GCC_OPTIMIZATION_LEVEL = 0;
				GCC_PREPROCESSOR_DEFINITIONS = (
					"DEBUG=1",
					"$(inherited)",
				);
				GCC_WARN_64_TO_32_BIT_CONVERSION = YES;
				GCC_WARN_ABOUT_RETURN_TYPE = YES_ERROR;
				GCC_WARN_UNDECLARED_SELECTOR = YES;
				GCC_WARN_UNINITIALIZED_AUTOS = YES_AGGRESSIVE;
				GCC_WARN_UNUSED_FUNCTION = YES;
				GCC_WARN_UNUSED_VARIABLE = YES;
				IPHONEOS_DEPLOYMENT_TARGET = 17.5;
				LOCALIZATION_PREFERS_STRING_CATALOGS = YES;
				MTL_ENABLE_DEBUG_INFO = INCLUDE_SOURCE;
				MTL_FAST_MATH = YES;
				ONLY_ACTIVE_ARCH = YES;
				SDKROOT = iphoneos;
				SWIFT_ACTIVE_COMPILATION_CONDITIONS = "DEBUG $(inherited)";
				SWIFT_OPTIMIZATION_LEVEL = "-Onone";
			};
			name = Debug;
		};
		1E20B1512C875FE6004D706F /* Release */ = {
			isa = XCBuildConfiguration;
			buildSettings = {
				ALWAYS_SEARCH_USER_PATHS = NO;
				ASSETCATALOG_COMPILER_GENERATE_SWIFT_ASSET_SYMBOL_EXTENSIONS = YES;
				CLANG_ANALYZER_NONNULL = YES;
				CLANG_ANALYZER_NUMBER_OBJECT_CONVERSION = YES_AGGRESSIVE;
				CLANG_CXX_LANGUAGE_STANDARD = "gnu++20";
				CLANG_ENABLE_MODULES = YES;
				CLANG_ENABLE_OBJC_ARC = YES;
				CLANG_ENABLE_OBJC_WEAK = YES;
				CLANG_WARN_BLOCK_CAPTURE_AUTORELEASING = YES;
				CLANG_WARN_BOOL_CONVERSION = YES;
				CLANG_WARN_COMMA = YES;
				CLANG_WARN_CONSTANT_CONVERSION = YES;
				CLANG_WARN_DEPRECATED_OBJC_IMPLEMENTATIONS = YES;
				CLANG_WARN_DIRECT_OBJC_ISA_USAGE = YES_ERROR;
				CLANG_WARN_DOCUMENTATION_COMMENTS = YES;
				CLANG_WARN_EMPTY_BODY = YES;
				CLANG_WARN_ENUM_CONVERSION = YES;
				CLANG_WARN_INFINITE_RECURSION = YES;
				CLANG_WARN_INT_CONVERSION = YES;
				CLANG_WARN_NON_LITERAL_NULL_CONVERSION = YES;
				CLANG_WARN_OBJC_IMPLICIT_RETAIN_SELF = YES;
				CLANG_WARN_OBJC_LITERAL_CONVERSION = YES;
				CLANG_WARN_OBJC_ROOT_CLASS = YES_ERROR;
				CLANG_WARN_QUOTED_INCLUDE_IN_FRAMEWORK_HEADER = YES;
				CLANG_WARN_RANGE_LOOP_ANALYSIS = YES;
				CLANG_WARN_STRICT_PROTOTYPES = YES;
				CLANG_WARN_SUSPICIOUS_MOVE = YES;
				CLANG_WARN_UNGUARDED_AVAILABILITY = YES_AGGRESSIVE;
				CLANG_WARN_UNREACHABLE_CODE = YES;
				CLANG_WARN__DUPLICATE_METHOD_MATCH = YES;
				COPY_PHASE_STRIP = NO;
				DEBUG_INFORMATION_FORMAT = "dwarf-with-dsym";
				ENABLE_NS_ASSERTIONS = NO;
				ENABLE_STRICT_OBJC_MSGSEND = YES;
				ENABLE_USER_SCRIPT_SANDBOXING = YES;
				GCC_C_LANGUAGE_STANDARD = gnu17;
				GCC_NO_COMMON_BLOCKS = YES;
				GCC_WARN_64_TO_32_BIT_CONVERSION = YES;
				GCC_WARN_ABOUT_RETURN_TYPE = YES_ERROR;
				GCC_WARN_UNDECLARED_SELECTOR = YES;
				GCC_WARN_UNINITIALIZED_AUTOS = YES_AGGRESSIVE;
				GCC_WARN_UNUSED_FUNCTION = YES;
				GCC_WARN_UNUSED_VARIABLE = YES;
				IPHONEOS_DEPLOYMENT_TARGET = 17.5;
				LOCALIZATION_PREFERS_STRING_CATALOGS = YES;
				MTL_ENABLE_DEBUG_INFO = NO;
				MTL_FAST_MATH = YES;
				SDKROOT = iphoneos;
				SWIFT_COMPILATION_MODE = wholemodule;
				VALIDATE_PRODUCT = YES;
			};
			name = Release;
		};
		1E20B1532C875FE6004D706F /* Debug */ = {
			isa = XCBuildConfiguration;
			buildSettings = {
				ASSETCATALOG_COMPILER_APPICON_NAME = AppIcon;
				ASSETCATALOG_COMPILER_GLOBAL_ACCENT_COLOR_NAME = AccentColor;
				CODE_SIGN_STYLE = Automatic;
				CURRENT_PROJECT_VERSION = 1;
				DEVELOPMENT_ASSET_PATHS = "\"CryptoCrazy-Swift-UI/Preview Content\"";
				DEVELOPMENT_TEAM = 2A7PW787VZ;
				ENABLE_PREVIEWS = YES;
				GENERATE_INFOPLIST_FILE = YES;
				INFOPLIST_KEY_UIApplicationSceneManifest_Generation = YES;
				INFOPLIST_KEY_UIApplicationSupportsIndirectInputEvents = YES;
				INFOPLIST_KEY_UILaunchScreen_Generation = YES;
				INFOPLIST_KEY_UISupportedInterfaceOrientations_iPad = "UIInterfaceOrientationPortrait UIInterfaceOrientationPortraitUpsideDown UIInterfaceOrientationLandscapeLeft UIInterfaceOrientationLandscapeRight";
				INFOPLIST_KEY_UISupportedInterfaceOrientations_iPhone = "UIInterfaceOrientationPortrait UIInterfaceOrientationLandscapeLeft UIInterfaceOrientationLandscapeRight";
				LD_RUNPATH_SEARCH_PATHS = (
					"$(inherited)",
					"@executable_path/Frameworks",
				);
				MARKETING_VERSION = 1.0;
				PRODUCT_BUNDLE_IDENTIFIER = "Sabri.CryptoCrazy-Swift-UI";
				PRODUCT_NAME = "$(TARGET_NAME)";
				SWIFT_EMIT_LOC_STRINGS = YES;
				SWIFT_VERSION = 5.0;
				TARGETED_DEVICE_FAMILY = "1,2";
			};
			name = Debug;
		};
		1E20B1542C875FE6004D706F /* Release */ = {
			isa = XCBuildConfiguration;
			buildSettings = {
				ASSETCATALOG_COMPILER_APPICON_NAME = AppIcon;
				ASSETCATALOG_COMPILER_GLOBAL_ACCENT_COLOR_NAME = AccentColor;
				CODE_SIGN_STYLE = Automatic;
				CURRENT_PROJECT_VERSION = 1;
				DEVELOPMENT_ASSET_PATHS = "\"CryptoCrazy-Swift-UI/Preview Content\"";
				DEVELOPMENT_TEAM = 2A7PW787VZ;
				ENABLE_PREVIEWS = YES;
				GENERATE_INFOPLIST_FILE = YES;
				INFOPLIST_KEY_UIApplicationSceneManifest_Generation = YES;
				INFOPLIST_KEY_UIApplicationSupportsIndirectInputEvents = YES;
				INFOPLIST_KEY_UILaunchScreen_Generation = YES;
				INFOPLIST_KEY_UISupportedInterfaceOrientations_iPad = "UIInterfaceOrientationPortrait UIInterfaceOrientationPortraitUpsideDown UIInterfaceOrientationLandscapeLeft UIInterfaceOrientationLandscapeRight";
				INFOPLIST_KEY_UISupportedInterfaceOrientations_iPhone = "UIInterfaceOrientationPortrait UIInterfaceOrientationLandscapeLeft UIInterfaceOrientationLandscapeRight";
				LD_RUNPATH_SEARCH_PATHS = (
					"$(inherited)",
					"@executable_path/Frameworks",
				);
				MARKETING_VERSION = 1.0;
				PRODUCT_BUNDLE_IDENTIFIER = "Sabri.CryptoCrazy-Swift-UI";
				PRODUCT_NAME = "$(TARGET_NAME)";
				SWIFT_EMIT_LOC_STRINGS = YES;
				SWIFT_VERSION = 5.0;
				TARGETED_DEVICE_FAMILY = "1,2";
			};
			name = Release;
		};
/* End XCBuildConfiguration section */

/* Begin XCConfigurationList section */
		1E20B13F2C875FE5004D706F /* Build configuration list for PBXProject "CryptoCrazy-Swift-UI" */ = {
			isa = XCConfigurationList;
			buildConfigurations = (
				1E20B1502C875FE6004D706F /* Debug */,
				1E20B1512C875FE6004D706F /* Release */,
			);
			defaultConfigurationIsVisible = 0;
			defaultConfigurationName = Release;
		};
		1E20B1522C875FE6004D706F /* Build configuration list for PBXNativeTarget "CryptoCrazy-Swift-UI" */ = {
			isa = XCConfigurationList;
			buildConfigurations = (
				1E20B1532C875FE6004D706F /* Debug */,
				1E20B1542C875FE6004D706F /* Release */,
			);
			defaultConfigurationIsVisible = 0;
			defaultConfigurationName = Release;
		};
/* End XCConfigurationList section */
	};
	rootObject = 1E20B13C2C875FE5004D706F /* Project object */;
}
